
Microsoft Visual Studio Solution File, Format Version 12.00
# Visual Studio Version 17
VisualStudioVersion = 17.8.34525.116
MinimumVisualStudioVersion = 10.0.40219.1
Project("{9A19103F-16F7-4668-BE54-9A1E7A4F7556}") = "MinIoDemo", "MinIoDemo\MinIoDemo.csproj", "{52F4EA61-9B1B-4C06-A63E-54C1D4847C90}"
EndProject
Project("{9A19103F-16F7-4668-BE54-9A1E7A4F7556}") = "WebApiClientDemo", "WebApiClientDemo\WebApiClientDemo.csproj", "{E1395A7C-3916-4603-A8D3-911021188689}"
EndProject
Project("{9A19103F-16F7-4668-BE54-9A1E7A4F7556}") = "ServerDemo", "ServerDemo\ServerDemo.csproj", "{962A1B9B-7984-480B-9FE6-067E86A9FC2E}"
EndProject
Project("{2150E333-8FDC-42A3-9474-1A3956D46DE8}") = "WPFDemo", "WPFDemo", "{157CAE5C-D66D-4134-A589-74FCC26331C7}"
EndProject
Project("{9A19103F-16F7-4668-BE54-9A1E7A4F7556}") = "LearnApp.Utils", "WPFDemo\LearningApp.Utils\LearnApp.Utils.csproj", "{03E1E8A0-0E27-4061-B4B1-89FA2D319F8A}"
EndProject
Project("{9A19103F-16F7-4668-BE54-9A1E7A4F7556}") = "LearnApp.Contracts", "WPFDemo\LearnApp.Contracts\LearnApp.Contracts.csproj", "{FC4702BA-4619-447A-A470-B2F3F8CA4976}"
EndProject
Project("{9A19103F-16F7-4668-BE54-9A1E7A4F7556}") = "LearnApp.Control", "WPFDemo\LearnApp.Control\LearnApp.Control.csproj", "{17613992-C342-4702-BEDC-B840B6D1A395}"
EndProject
Project("{9A19103F-16F7-4668-BE54-9A1E7A4F7556}") = "LearnApp.Shared", "WPFDemo\LearnApp.Shared\LearnApp.Shared.csproj", "{38D42628-CFAD-4B61-A658-F231730B374C}"
EndProject
Project("{9A19103F-16F7-4668-BE54-9A1E7A4F7556}") = "MinIO.Lesson", "MinIO.Lesson\MinIO.Lesson.csproj", "{E3580B9E-6C1D-4BF3-BAA4-6797D686A65C}"
EndProject
Project("{9A19103F-16F7-4668-BE54-9A1E7A4F7556}") = "CancelTokenDemo", "CancelTokenDemo\CancelTokenDemo.csproj", "{43EFFCDE-82CA-498F-9E74-0BBC531BD17D}"
EndProject
Project("{9A19103F-16F7-4668-BE54-9A1E7A4F7556}") = "MiddlewareApp", "MiddlewareApp\MiddlewareApp.csproj", "{CB1351FA-BFC6-4811-A9E8-1CCEB1500933}"
EndProject
Project("{9A19103F-16F7-4668-BE54-9A1E7A4F7556}") = "LearnApp.Win", "WPFDemo\LearnApp.Win\LearnApp.Win.csproj", "{46BFD8CC-06DD-436E-A93E-B57AC77C3AC7}"
EndProject
Project("{9A19103F-16F7-4668-BE54-9A1E7A4F7556}") = "LearnApp.ViewModel", "WPFDemo\LearnApp.ViewModel\LearnApp.ViewModel.csproj", "{2A2E9BEA-E3A6-49C6-8A3B-4537E0331A19}"
EndProject
Project("{9A19103F-16F7-4668-BE54-9A1E7A4F7556}") = "AOPDemo", "AOPDemo\AOPDemo.csproj", "{9D808665-2604-4405-A127-C421E3F83F74}"
EndProject
Project("{FAE04EC0-301F-11D3-BF4B-00C04F79EFBC}") = "ConsoleApp1", "ConsoleApp1\ConsoleApp1.csproj", "{ACA71FCA-DD84-4F08-9651-E8237A04166A}"
EndProject
Project("{FAE04EC0-301F-11D3-BF4B-00C04F79EFBC}") = "Optano.Modeling.Demo", "Optano.Modeling.Demo\Optano.Modeling.Demo.csproj", "{13BED9D8-8D3B-4371-B2E1-33E7137687AC}"
EndProject
Project("{FAE04EC0-301F-11D3-BF4B-00C04F79EFBC}") = "YamlDotNetDemo", "YamlDotNetDemo\YamlDotNetDemo.csproj", "{264D8508-78A8-4D16-A6EC-4796D2FC10DA}"
EndProject
Project("{FAE04EC0-301F-11D3-BF4B-00C04F79EFBC}") = "OR.Demo", "OR.Demo\OR.Demo.csproj", "{7195D4E4-3F7F-4E13-A7A6-613CFB720E42}"
EndProject
Global
	GlobalSection(SolutionConfigurationPlatforms) = preSolution
		Debug|Any CPU = Debug|Any CPU
		Release|Any CPU = Release|Any CPU
	EndGlobalSection
	GlobalSection(ProjectConfigurationPlatforms) = postSolution
		{52F4EA61-9B1B-4C06-A63E-54C1D4847C90}.Debug|Any CPU.ActiveCfg = Debug|Any CPU
		{52F4EA61-9B1B-4C06-A63E-54C1D4847C90}.Debug|Any CPU.Build.0 = Debug|Any CPU
		{52F4EA61-9B1B-4C06-A63E-54C1D4847C90}.Release|Any CPU.ActiveCfg = Release|Any CPU
		{52F4EA61-9B1B-4C06-A63E-54C1D4847C90}.Release|Any CPU.Build.0 = Release|Any CPU
		{E1395A7C-3916-4603-A8D3-911021188689}.Debug|Any CPU.ActiveCfg = Debug|Any CPU
		{E1395A7C-3916-4603-A8D3-911021188689}.Debug|Any CPU.Build.0 = Debug|Any CPU
		{E1395A7C-3916-4603-A8D3-911021188689}.Release|Any CPU.ActiveCfg = Release|Any CPU
		{E1395A7C-3916-4603-A8D3-911021188689}.Release|Any CPU.Build.0 = Release|Any CPU
		{962A1B9B-7984-480B-9FE6-067E86A9FC2E}.Debug|Any CPU.ActiveCfg = Debug|Any CPU
		{962A1B9B-7984-480B-9FE6-067E86A9FC2E}.Debug|Any CPU.Build.0 = Debug|Any CPU
		{962A1B9B-7984-480B-9FE6-067E86A9FC2E}.Release|Any CPU.ActiveCfg = Release|Any CPU
		{962A1B9B-7984-480B-9FE6-067E86A9FC2E}.Release|Any CPU.Build.0 = Release|Any CPU
		{03E1E8A0-0E27-4061-B4B1-89FA2D319F8A}.Debug|Any CPU.ActiveCfg = Debug|Any CPU
		{03E1E8A0-0E27-4061-B4B1-89FA2D319F8A}.Debug|Any CPU.Build.0 = Debug|Any CPU
		{03E1E8A0-0E27-4061-B4B1-89FA2D319F8A}.Release|Any CPU.ActiveCfg = Release|Any CPU
		{03E1E8A0-0E27-4061-B4B1-89FA2D319F8A}.Release|Any CPU.Build.0 = Release|Any CPU
		{FC4702BA-4619-447A-A470-B2F3F8CA4976}.Debug|Any CPU.ActiveCfg = Debug|Any CPU
		{FC4702BA-4619-447A-A470-B2F3F8CA4976}.Debug|Any CPU.Build.0 = Debug|Any CPU
		{FC4702BA-4619-447A-A470-B2F3F8CA4976}.Release|Any CPU.ActiveCfg = Release|Any CPU
		{FC4702BA-4619-447A-A470-B2F3F8CA4976}.Release|Any CPU.Build.0 = Release|Any CPU
		{17613992-C342-4702-BEDC-B840B6D1A395}.Debug|Any CPU.ActiveCfg = Debug|Any CPU
		{17613992-C342-4702-BEDC-B840B6D1A395}.Debug|Any CPU.Build.0 = Debug|Any CPU
		{17613992-C342-4702-BEDC-B840B6D1A395}.Release|Any CPU.ActiveCfg = Release|Any CPU
		{17613992-C342-4702-BEDC-B840B6D1A395}.Release|Any CPU.Build.0 = Release|Any CPU
		{38D42628-CFAD-4B61-A658-F231730B374C}.Debug|Any CPU.ActiveCfg = Debug|Any CPU
		{38D42628-CFAD-4B61-A658-F231730B374C}.Debug|Any CPU.Build.0 = Debug|Any CPU
		{38D42628-CFAD-4B61-A658-F231730B374C}.Release|Any CPU.ActiveCfg = Release|Any CPU
		{38D42628-CFAD-4B61-A658-F231730B374C}.Release|Any CPU.Build.0 = Release|Any CPU
		{E3580B9E-6C1D-4BF3-BAA4-6797D686A65C}.Debug|Any CPU.ActiveCfg = Debug|Any CPU
		{E3580B9E-6C1D-4BF3-BAA4-6797D686A65C}.Debug|Any CPU.Build.0 = Debug|Any CPU
		{E3580B9E-6C1D-4BF3-BAA4-6797D686A65C}.Release|Any CPU.ActiveCfg = Release|Any CPU
		{E3580B9E-6C1D-4BF3-BAA4-6797D686A65C}.Release|Any CPU.Build.0 = Release|Any CPU
		{43EFFCDE-82CA-498F-9E74-0BBC531BD17D}.Debug|Any CPU.ActiveCfg = Debug|Any CPU
		{43EFFCDE-82CA-498F-9E74-0BBC531BD17D}.Debug|Any CPU.Build.0 = Debug|Any CPU
		{43EFFCDE-82CA-498F-9E74-0BBC531BD17D}.Release|Any CPU.ActiveCfg = Release|Any CPU
		{43EFFCDE-82CA-498F-9E74-0BBC531BD17D}.Release|Any CPU.Build.0 = Release|Any CPU
		{CB1351FA-BFC6-4811-A9E8-1CCEB1500933}.Debug|Any CPU.ActiveCfg = Debug|Any CPU
		{CB1351FA-BFC6-4811-A9E8-1CCEB1500933}.Debug|Any CPU.Build.0 = Debug|Any CPU
		{CB1351FA-BFC6-4811-A9E8-1CCEB1500933}.Release|Any CPU.ActiveCfg = Release|Any CPU
		{CB1351FA-BFC6-4811-A9E8-1CCEB1500933}.Release|Any CPU.Build.0 = Release|Any CPU
		{46BFD8CC-06DD-436E-A93E-B57AC77C3AC7}.Debug|Any CPU.ActiveCfg = Debug|Any CPU
		{46BFD8CC-06DD-436E-A93E-B57AC77C3AC7}.Debug|Any CPU.Build.0 = Debug|Any CPU
		{46BFD8CC-06DD-436E-A93E-B57AC77C3AC7}.Release|Any CPU.ActiveCfg = Release|Any CPU
		{46BFD8CC-06DD-436E-A93E-B57AC77C3AC7}.Release|Any CPU.Build.0 = Release|Any CPU
		{2A2E9BEA-E3A6-49C6-8A3B-4537E0331A19}.Debug|Any CPU.ActiveCfg = Debug|Any CPU
		{2A2E9BEA-E3A6-49C6-8A3B-4537E0331A19}.Debug|Any CPU.Build.0 = Debug|Any CPU
		{2A2E9BEA-E3A6-49C6-8A3B-4537E0331A19}.Release|Any CPU.ActiveCfg = Release|Any CPU
		{2A2E9BEA-E3A6-49C6-8A3B-4537E0331A19}.Release|Any CPU.Build.0 = Release|Any CPU
		{9D808665-2604-4405-A127-C421E3F83F74}.Debug|Any CPU.ActiveCfg = Debug|Any CPU
		{9D808665-2604-4405-A127-C421E3F83F74}.Debug|Any CPU.Build.0 = Debug|Any CPU
		{9D808665-2604-4405-A127-C421E3F83F74}.Release|Any CPU.ActiveCfg = Release|Any CPU
		{9D808665-2604-4405-A127-C421E3F83F74}.Release|Any CPU.Build.0 = Release|Any CPU
		{ACA71FCA-DD84-4F08-9651-E8237A04166A}.Debug|Any CPU.ActiveCfg = Debug|Any CPU
		{ACA71FCA-DD84-4F08-9651-E8237A04166A}.Debug|Any CPU.Build.0 = Debug|Any CPU
		{ACA71FCA-DD84-4F08-9651-E8237A04166A}.Release|Any CPU.ActiveCfg = Release|Any CPU
		{ACA71FCA-DD84-4F08-9651-E8237A04166A}.Release|Any CPU.Build.0 = Release|Any CPU
		{13BED9D8-8D3B-4371-B2E1-33E7137687AC}.Debug|Any CPU.ActiveCfg = Debug|Any CPU
		{13BED9D8-8D3B-4371-B2E1-33E7137687AC}.Debug|Any CPU.Build.0 = Debug|Any CPU
		{13BED9D8-8D3B-4371-B2E1-33E7137687AC}.Release|Any CPU.ActiveCfg = Release|Any CPU
		{13BED9D8-8D3B-4371-B2E1-33E7137687AC}.Release|Any CPU.Build.0 = Release|Any CPU
		{264D8508-78A8-4D16-A6EC-4796D2FC10DA}.Debug|Any CPU.ActiveCfg = Debug|Any CPU
		{264D8508-78A8-4D16-A6EC-4796D2FC10DA}.Debug|Any CPU.Build.0 = Debug|Any CPU
		{264D8508-78A8-4D16-A6EC-4796D2FC10DA}.Release|Any CPU.ActiveCfg = Release|Any CPU
		{264D8508-78A8-4D16-A6EC-4796D2FC10DA}.Release|Any CPU.Build.0 = Release|Any CPU
		{7195D4E4-3F7F-4E13-A7A6-613CFB720E42}.Debug|Any CPU.ActiveCfg = Debug|Any CPU
		{7195D4E4-3F7F-4E13-A7A6-613CFB720E42}.Debug|Any CPU.Build.0 = Debug|Any CPU
		{7195D4E4-3F7F-4E13-A7A6-613CFB720E42}.Release|Any CPU.ActiveCfg = Release|Any CPU
		{7195D4E4-3F7F-4E13-A7A6-613CFB720E42}.Release|Any CPU.Build.0 = Release|Any CPU
	EndGlobalSection
	GlobalSection(SolutionProperties) = preSolution
		HideSolutionNode = FALSE
	EndGlobalSection
	GlobalSection(NestedProjects) = preSolution
		{03E1E8A0-0E27-4061-B4B1-89FA2D319F8A} = {157CAE5C-D66D-4134-A589-74FCC26331C7}
		{FC4702BA-4619-447A-A470-B2F3F8CA4976} = {157CAE5C-D66D-4134-A589-74FCC26331C7}
		{17613992-C342-4702-BEDC-B840B6D1A395} = {157CAE5C-D66D-4134-A589-74FCC26331C7}
		{38D42628-CFAD-4B61-A658-F231730B374C} = {157CAE5C-D66D-4134-A589-74FCC26331C7}
		{46BFD8CC-06DD-436E-A93E-B57AC77C3AC7} = {157CAE5C-D66D-4134-A589-74FCC26331C7}
		{2A2E9BEA-E3A6-49C6-8A3B-4537E0331A19} = {157CAE5C-D66D-4134-A589-74FCC26331C7}
	EndGlobalSection
	GlobalSection(ExtensibilityGlobals) = postSolution
		SolutionGuid = {83606EA0-AF20-40D5-9119-D7C441BCDF6C}
	EndGlobalSection
EndGlobal
