
Microsoft Visual Studio Solution File, Format Version 12.00
# Visual Studio Version 17
VisualStudioVersion = 17.6.33801.468
MinimumVisualStudioVersion = 10.0.40219.1
Project("{9A19103F-16F7-4668-BE54-9A1E7A4F7556}") = "LearnApp.Shared", "LearnApp.Shared\LearnApp.Shared.csproj", "{BD236961-33EA-41C3-81D3-097627D402CC}"
EndProject
Project("{9A19103F-16F7-4668-BE54-9A1E7A4F7556}") = "LearnApp.Control", "LearnApp.Control\LearnApp.Control.csproj", "{34411544-C844-4A20-AB7C-5103FAE3812F}"
EndProject
Project("{9A19103F-16F7-4668-BE54-9A1E7A4F7556}") = "LearnApp.ViewModel", "LearnApp.ViewModel\LearnApp.ViewModel.csproj", "{21AAA96A-8054-44F5-9716-46E8E3F6231C}"
EndProject
Project("{9A19103F-16F7-4668-BE54-9A1E7A4F7556}") = "LearnApp.Win", "LearnApp.Win\LearnApp.Win.csproj", "{07E3C0D7-A361-4D22-9884-A28E52C78F07}"
EndProject
Project("{2150E333-8FDC-42A3-9474-1A3956D46DE8}") = "Mobile", "Mobile", "{AAB60F42-19F7-477B-A2A6-68FF896A4D36}"
EndProject
Project("{9A19103F-16F7-4668-BE54-9A1E7A4F7556}") = "iOSTabbedApp1", "iOSTabbedApp1\iOSTabbedApp1.csproj", "{4B0FF676-CD2E-4981-BD15-80D901A9475B}"
EndProject
Global
	GlobalSection(SolutionConfigurationPlatforms) = preSolution
		Debug|Any CPU = Debug|Any CPU
		Release|Any CPU = Release|Any CPU
	EndGlobalSection
	GlobalSection(ProjectConfigurationPlatforms) = postSolution
		{BD236961-33EA-41C3-81D3-097627D402CC}.Debug|Any CPU.ActiveCfg = Debug|Any CPU
		{BD236961-33EA-41C3-81D3-097627D402CC}.Debug|Any CPU.Build.0 = Debug|Any CPU
		{BD236961-33EA-41C3-81D3-097627D402CC}.Release|Any CPU.ActiveCfg = Release|Any CPU
		{BD236961-33EA-41C3-81D3-097627D402CC}.Release|Any CPU.Build.0 = Release|Any CPU
		{34411544-C844-4A20-AB7C-5103FAE3812F}.Debug|Any CPU.ActiveCfg = Debug|Any CPU
		{34411544-C844-4A20-AB7C-5103FAE3812F}.Debug|Any CPU.Build.0 = Debug|Any CPU
		{34411544-C844-4A20-AB7C-5103FAE3812F}.Release|Any CPU.ActiveCfg = Release|Any CPU
		{34411544-C844-4A20-AB7C-5103FAE3812F}.Release|Any CPU.Build.0 = Release|Any CPU
		{21AAA96A-8054-44F5-9716-46E8E3F6231C}.Debug|Any CPU.ActiveCfg = Debug|Any CPU
		{21AAA96A-8054-44F5-9716-46E8E3F6231C}.Debug|Any CPU.Build.0 = Debug|Any CPU
		{21AAA96A-8054-44F5-9716-46E8E3F6231C}.Release|Any CPU.ActiveCfg = Release|Any CPU
		{21AAA96A-8054-44F5-9716-46E8E3F6231C}.Release|Any CPU.Build.0 = Release|Any CPU
		{07E3C0D7-A361-4D22-9884-A28E52C78F07}.Debug|Any CPU.ActiveCfg = Debug|Any CPU
		{07E3C0D7-A361-4D22-9884-A28E52C78F07}.Debug|Any CPU.Build.0 = Debug|Any CPU
		{07E3C0D7-A361-4D22-9884-A28E52C78F07}.Release|Any CPU.ActiveCfg = Release|Any CPU
		{07E3C0D7-A361-4D22-9884-A28E52C78F07}.Release|Any CPU.Build.0 = Release|Any CPU
		{4B0FF676-CD2E-4981-BD15-80D901A9475B}.Debug|Any CPU.ActiveCfg = Debug|Any CPU
		{4B0FF676-CD2E-4981-BD15-80D901A9475B}.Debug|Any CPU.Build.0 = Debug|Any CPU
		{4B0FF676-CD2E-4981-BD15-80D901A9475B}.Debug|Any CPU.Deploy.0 = Debug|Any CPU
		{4B0FF676-CD2E-4981-BD15-80D901A9475B}.Release|Any CPU.ActiveCfg = Release|Any CPU
		{4B0FF676-CD2E-4981-BD15-80D901A9475B}.Release|Any CPU.Build.0 = Release|Any CPU
		{4B0FF676-CD2E-4981-BD15-80D901A9475B}.Release|Any CPU.Deploy.0 = Release|Any CPU
	EndGlobalSection
	GlobalSection(SolutionProperties) = preSolution
		HideSolutionNode = FALSE
	EndGlobalSection
	GlobalSection(NestedProjects) = preSolution
		{4B0FF676-CD2E-4981-BD15-80D901A9475B} = {AAB60F42-19F7-477B-A2A6-68FF896A4D36}
	EndGlobalSection
	GlobalSection(ExtensibilityGlobals) = postSolution
		SolutionGuid = {6FF53049-41DE-4DC6-9B32-BE3D55B7A887}
	EndGlobalSection
EndGlobal
